
Microsoft Visual Studio Solution File, Format Version 12.00
# Visual Studio Version 17
VisualStudioVersion = 17.11.35312.102
MinimumVisualStudioVersion = 10.0.40219.1
Project("{FAE04EC0-301F-11D3-BF4B-00C04F79EFBC}") = "EFCoreTutorialsConsole", "EFCoreTutorialsConsole\EFCoreTutorialsConsole.csproj", "{EB732A0A-905E-4587-99BA-8F6AC3679391}"
EndProject
Global
	GlobalSection(SolutionConfigurationPlatforms) = preSolution
		Debug|Any CPU = Debug|Any CPU
		Release|Any CPU = Release|Any CPU
	EndGlobalSection
	GlobalSection(ProjectConfigurationPlatforms) = postSolution
		{EB732A0A-905E-4587-99BA-8F6AC3679391}.Debug|Any CPU.ActiveCfg = Debug|Any CPU
		{EB732A0A-905E-4587-99BA-8F6AC3679391}.Debug|Any CPU.Build.0 = Debug|Any CPU
		{EB732A0A-905E-4587-99BA-8F6AC3679391}.Release|Any CPU.ActiveCfg = Release|Any CPU
		{EB732A0A-905E-4587-99BA-8F6AC3679391}.Release|Any CPU.Build.0 = Release|Any CPU
	EndGlobalSection
	GlobalSection(SolutionProperties) = preSolution
		HideSolutionNode = FALSE
	EndGlobalSection
	GlobalSection(ExtensibilityGlobals) = postSolution
		SolutionGuid = {DAB8355D-5A28-4B7F-9B43-40877C918A69}
	EndGlobalSection
EndGlobal
